Microsoft Visual Studio Solution File, Format Version 12.00
# Visual Studio 2013
VisualStudioVersion = 12.0.31101.0
MinimumVisualStudioVersion = 10.0.40219.1
Project("{FAE04EC0-301F-11D3-BF4B-00C04F79EFBC}") = "Cedar.CommandHandling.Tests", "Cedar.CommandHandling.Tests\Cedar.CommandHandling.Tests.csproj", "{F286E287-573F-495E-804A-6278C9B7BEB8}"
EndProject
Project("{FAE04EC0-301F-11D3-BF4B-00C04F79EFBC}") = "Cedar.CommandHandling.Http", "Cedar.CommandHandling.Http\Cedar.CommandHandling.Http.csproj", "{DCFCD369-4580-42D4-8F26-A071B9D17680}"
EndProject
Project("{2150E333-8FDC-42A3-9474-1A3956D46DE8}") = ".nuget", ".nuget", "{372F1FB4-22EA-42F7-836F-E83BD252EEC0}"
	ProjectSection(SolutionItems) = preProject
		.nuget\packages.config = .nuget\packages.config
	EndProjectSection
EndProject
Project("{2150E333-8FDC-42A3-9474-1A3956D46DE8}") = "Solution Items", "Solution Items", "{A441BD89-E482-408D-A086-030F3BB392F9}"
	ProjectSection(SolutionItems) = preProject
		SharedAssemblyInfo.cs = SharedAssemblyInfo.cs
	EndProjectSection
EndProject
Project("{FAE04EC0-301F-11D3-BF4B-00C04F79EFBC}") = "Cedar.CommandHandling.Http.TestHost", "Cedar.CommandHandling.Http.TestHost\Cedar.CommandHandling.Http.TestHost.csproj", "{D7DD6F18-6509-4D53-A616-AF0C41E8B722}"
EndProject
Project("{FAE04EC0-301F-11D3-BF4B-00C04F79EFBC}") = "Cedar.CommandHandling", "Cedar.CommandHandling\Cedar.CommandHandling.csproj", "{F6D3AD03-F93E-4B8B-B759-7A499AD4F4E4}"
EndProject
Project("{FAE04EC0-301F-11D3-BF4B-00C04F79EFBC}") = "Cedar.CommandHandling.Http.Client", "Cedar.CommandHandling.Http.Client\Cedar.CommandHandling.Http.Client.csproj", "{B3591387-2EBC-4D6F-A0C0-BEA555DFD192}"
EndProject
Project("{FAE04EC0-301F-11D3-BF4B-00C04F79EFBC}") = "Cedar.CommandHandling.Example", "Cedar.CommandHandling.Example\Cedar.CommandHandling.Example.csproj", "{FB2353F1-8A9A-4BDF-83C9-D32F15557030}"
EndProject
Global
	GlobalSection(SolutionConfigurationPlatforms) = preSolution
		Debug|Any CPU = Debug|Any CPU
		Release|Any CPU = Release|Any CPU
	EndGlobalSection
	GlobalSection(ProjectConfigurationPlatforms) = postSolution
		{F286E287-573F-495E-804A-6278C9B7BEB8}.Debug|Any CPU.ActiveCfg = Debug|Any CPU
		{F286E287-573F-495E-804A-6278C9B7BEB8}.Debug|Any CPU.Build.0 = Debug|Any CPU
		{F286E287-573F-495E-804A-6278C9B7BEB8}.Release|Any CPU.ActiveCfg = Release|Any CPU
		{F286E287-573F-495E-804A-6278C9B7BEB8}.Release|Any CPU.Build.0 = Release|Any CPU
		{DCFCD369-4580-42D4-8F26-A071B9D17680}.Debug|Any CPU.ActiveCfg = Debug|Any CPU
		{DCFCD369-4580-42D4-8F26-A071B9D17680}.Debug|Any CPU.Build.0 = Debug|Any CPU
		{DCFCD369-4580-42D4-8F26-A071B9D17680}.Release|Any CPU.ActiveCfg = Release|Any CPU
		{DCFCD369-4580-42D4-8F26-A071B9D17680}.Release|Any CPU.Build.0 = Release|Any CPU
		{D7DD6F18-6509-4D53-A616-AF0C41E8B722}.Debug|Any CPU.ActiveCfg = Debug|Any CPU
		{D7DD6F18-6509-4D53-A616-AF0C41E8B722}.Debug|Any CPU.Build.0 = Debug|Any CPU
		{D7DD6F18-6509-4D53-A616-AF0C41E8B722}.Release|Any CPU.ActiveCfg = Release|Any CPU
		{D7DD6F18-6509-4D53-A616-AF0C41E8B722}.Release|Any CPU.Build.0 = Release|Any CPU
		{F6D3AD03-F93E-4B8B-B759-7A499AD4F4E4}.Debug|Any CPU.ActiveCfg = Debug|Any CPU
		{F6D3AD03-F93E-4B8B-B759-7A499AD4F4E4}.Debug|Any CPU.Build.0 = Debug|Any CPU
		{F6D3AD03-F93E-4B8B-B759-7A499AD4F4E4}.Release|Any CPU.ActiveCfg = Release|Any CPU
		{F6D3AD03-F93E-4B8B-B759-7A499AD4F4E4}.Release|Any CPU.Build.0 = Release|Any CPU
		{B3591387-2EBC-4D6F-A0C0-BEA555DFD192}.Debug|Any CPU.ActiveCfg = Debug|Any CPU
		{B3591387-2EBC-4D6F-A0C0-BEA555DFD192}.Debug|Any CPU.Build.0 = Debug|Any CPU
		{B3591387-2EBC-4D6F-A0C0-BEA555DFD192}.Release|Any CPU.ActiveCfg = Release|Any CPU
		{B3591387-2EBC-4D6F-A0C0-BEA555DFD192}.Release|Any CPU.Build.0 = Release|Any CPU
		{FB2353F1-8A9A-4BDF-83C9-D32F15557030}.Debug|Any CPU.ActiveCfg = Debug|Any CPU
		{FB2353F1-8A9A-4BDF-83C9-D32F15557030}.Debug|Any CPU.Build.0 = Debug|Any CPU
		{FB2353F1-8A9A-4BDF-83C9-D32F15557030}.Release|Any CPU.ActiveCfg = Release|Any CPU
		{FB2353F1-8A9A-4BDF-83C9-D32F15557030}.Release|Any CPU.Build.0 = Release|Any CPU
	EndGlobalSection
	GlobalSection(SolutionProperties) = preSolution
		HideSolutionNode = FALSE
	EndGlobalSection
EndGlobal
